
Microsoft Visual Studio Solution File, Format Version 11.00
# Visual Studio 2010
Project("{FAE04EC0-301F-11D3-BF4B-00C04F79EFBC}") = "Harry", "Assembly-CSharp.csproj", "{61D06047-CEAC-1609-940B-E13A608325F7}"
EndProject
Project("{FAE04EC0-301F-11D3-BF4B-00C04F79EFBC}") = "Harry", "Assembly-CSharp-firstpass.csproj", "{508748DC-8AA3-4BE6-096F-3D31D7CF73FD}"
EndProject
Project("{FAE04EC0-301F-11D3-BF4B-00C04F79EFBC}") = "Harry", "Assembly-CSharp-Editor.csproj", "{706A0F56-EDA5-44F7-843A-9CB4E9F4C6D6}"
EndProject
Project("{FAE04EC0-301F-11D3-BF4B-00C04F79EFBC}") = "Harry", "Assembly-CSharp-Editor-firstpass.csproj", "{15D2AC70-DAD4-943B-2DD3-55BCB7DBF704}"
EndProject
Global
	GlobalSection(SolutionConfigurationPlatforms) = preSolution
		Debug|Any CPU = Debug|Any CPU
		Release|Any CPU = Release|Any CPU
	EndGlobalSection
	GlobalSection(ProjectConfigurationPlatforms) = postSolution
		{61D06047-CEAC-1609-940B-E13A608325F7}.Debug|Any CPU.ActiveCfg = Debug|Any CPU
		{61D06047-CEAC-1609-940B-E13A608325F7}.Debug|Any CPU.Build.0 = Debug|Any CPU
		{61D06047-CEAC-1609-940B-E13A608325F7}.Release|Any CPU.ActiveCfg = Release|Any CPU
		{61D06047-CEAC-1609-940B-E13A608325F7}.Release|Any CPU.Build.0 = Release|Any CPU
		{508748DC-8AA3-4BE6-096F-3D31D7CF73FD}.Debug|Any CPU.ActiveCfg = Debug|Any CPU
		{508748DC-8AA3-4BE6-096F-3D31D7CF73FD}.Debug|Any CPU.Build.0 = Debug|Any CPU
		{508748DC-8AA3-4BE6-096F-3D31D7CF73FD}.Release|Any CPU.ActiveCfg = Release|Any CPU
		{508748DC-8AA3-4BE6-096F-3D31D7CF73FD}.Release|Any CPU.Build.0 = Release|Any CPU
		{706A0F56-EDA5-44F7-843A-9CB4E9F4C6D6}.Debug|Any CPU.ActiveCfg = Debug|Any CPU
		{706A0F56-EDA5-44F7-843A-9CB4E9F4C6D6}.Debug|Any CPU.Build.0 = Debug|Any CPU
		{706A0F56-EDA5-44F7-843A-9CB4E9F4C6D6}.Release|Any CPU.ActiveCfg = Release|Any CPU
		{706A0F56-EDA5-44F7-843A-9CB4E9F4C6D6}.Release|Any CPU.Build.0 = Release|Any CPU
		{15D2AC70-DAD4-943B-2DD3-55BCB7DBF704}.Debug|Any CPU.ActiveCfg = Debug|Any CPU
		{15D2AC70-DAD4-943B-2DD3-55BCB7DBF704}.Debug|Any CPU.Build.0 = Debug|Any CPU
		{15D2AC70-DAD4-943B-2DD3-55BCB7DBF704}.Release|Any CPU.ActiveCfg = Release|Any CPU
		{15D2AC70-DAD4-943B-2DD3-55BCB7DBF704}.Release|Any CPU.Build.0 = Release|Any CPU
	EndGlobalSection
	GlobalSection(SolutionProperties) = preSolution
		HideSolutionNode = FALSE
	EndGlobalSection
	GlobalSection(MonoDevelopProperties) = preSolution
		StartupItem = Assembly-CSharp.csproj
	EndGlobalSection
EndGlobal
